{
  "name": "building-microservices-notes",
  "version": "1.0.0",
  "lockfileVersion": 1,
  "requires": true,
  "dependencies": {
    "markdown-to-anki": {
      "version": "0.2.3",
      "resolved": "https://registry.npmjs.org/markdown-to-anki/-/markdown-to-anki-0.2.3.tgz",
      "integrity": "sha512-IPRqVtFfVrN7f+my60XxMwRJyxtKoRV7XO1pVj8qiO4F7xWIumi29qziN8jvGApeoHd4RGG5qZ6xaTXwFYtfIw==",
      "requires": {
        "marked": "^0.3.6"
      }
    },
    "marked": {
      "version": "0.3.19",
      "resolved": "https://registry.npmjs.org/marked/-/marked-0.3.19.tgz",
      "integrity": "sha512-ea2eGWOqNxPcXv8dyERdSr/6FmzvWwzjMxpfGB/sbMccXoct+xY+YukPD+QTUZwyvK7BZwcr4m21WBOW41pAkg=="
    }
  }
}
